
Microsoft Visual Studio Solution File, Format Version 12.00
# Visual Studio Version 17
VisualStudioVersion = 17.9.34701.34
MinimumVisualStudioVersion = 10.0.40219.1
Project("{FAE04EC0-301F-11D3-BF4B-00C04F79EFBC}") = "Wormax", "Wormax.csproj", "{B8E26534-181E-48E1-B230-8CC3AD1DCAC6}"
EndProject
Global
	GlobalSection(SolutionConfigurationPlatforms) = preSolution
		Debug|Any CPU = Debug|Any CPU
		Release|Any CPU = Release|Any CPU
	EndGlobalSection
	GlobalSection(ProjectConfigurationPlatforms) = postSolution
		{B8E26534-181E-48E1-B230-8CC3AD1DCAC6}.Debug|Any CPU.ActiveCfg = Debug|Any CPU
		{B8E26534-181E-48E1-B230-8CC3AD1DCAC6}.Debug|Any CPU.Build.0 = Debug|Any CPU
		{B8E26534-181E-48E1-B230-8CC3AD1DCAC6}.Release|Any CPU.ActiveCfg = Release|Any CPU
		{B8E26534-181E-48E1-B230-8CC3AD1DCAC6}.Release|Any CPU.Build.0 = Release|Any CPU
	EndGlobalSection
	GlobalSection(SolutionProperties) = preSolution
		HideSolutionNode = FALSE
	EndGlobalSection
	GlobalSection(ExtensibilityGlobals) = postSolution
		SolutionGuid = {F13889F5-E5C6-4BDB-9F6C-CDA32285DE64}
	EndGlobalSection
EndGlobal
