
Microsoft Visual Studio Solution File, Format Version 12.00
# Visual Studio Version 17
VisualStudioVersion = 17.9.34701.34
MinimumVisualStudioVersion = 10.0.40219.1
Project("{FAE04EC0-301F-11D3-BF4B-00C04F79EFBC}") = "Mistworld", "Mistworld.csproj", "{141613E6-809A-47CE-B4AB-539C4044C59A}"
EndProject
Global
	GlobalSection(SolutionConfigurationPlatforms) = preSolution
		Debug|Any CPU = Debug|Any CPU
		Release|Any CPU = Release|Any CPU
	EndGlobalSection
	GlobalSection(ProjectConfigurationPlatforms) = postSolution
		{141613E6-809A-47CE-B4AB-539C4044C59A}.Debug|Any CPU.ActiveCfg = Debug|Any CPU
		{141613E6-809A-47CE-B4AB-539C4044C59A}.Debug|Any CPU.Build.0 = Debug|Any CPU
		{141613E6-809A-47CE-B4AB-539C4044C59A}.Release|Any CPU.ActiveCfg = Release|Any CPU
		{141613E6-809A-47CE-B4AB-539C4044C59A}.Release|Any CPU.Build.0 = Release|Any CPU
	EndGlobalSection
	GlobalSection(SolutionProperties) = preSolution
		HideSolutionNode = FALSE
	EndGlobalSection
	GlobalSection(ExtensibilityGlobals) = postSolution
		SolutionGuid = {9778B340-340D-4E1D-9157-2F500EAF9A8E}
	EndGlobalSection
EndGlobal
